// !$*UTF8*$!
{
	archiveVersion = 1;
	classes = {
	};
	objectVersion = 55;
	objects = {

/* Begin PBXBuildFile section */
		1A2F8AF4292C3ADB00BF539D /* LeetCodeProblems.framework in Frameworks */ = {isa = PBXBuildFile; fileRef = 1A2F8AEB292C3ADB00BF539D /* LeetCodeProblems.framework */; };
		1A2F8AF9292C3ADB00BF539D /* LC1480Tests.swift in Sources */ = {isa = PBXBuildFile; fileRef = 1A2F8AF8292C3ADB00BF539D /* LC1480Tests.swift */; };
		1A2F8B08292C3D2000BF539D /* LC724Tests.swift in Sources */ = {isa = PBXBuildFile; fileRef = 1A2F8B07292C3D2000BF539D /* LC724Tests.swift */; };
		1A2F8B0C292C3D6200BF539D /* LC205Tests.swift in Sources */ = {isa = PBXBuildFile; fileRef = 1A2F8B0B292C3D6200BF539D /* LC205Tests.swift */; };
		1A2F8B0E292C3DAD00BF539D /* LC392Tests.swift in Sources */ = {isa = PBXBuildFile; fileRef = 1A2F8B0D292C3DAD00BF539D /* LC392Tests.swift */; };
		1A2F8B10292C3E2700BF539D /* LC1480.swift in Sources */ = {isa = PBXBuildFile; fileRef = 1A2F8B0F292C3E2700BF539D /* LC1480.swift */; };
		1A2F8B12292C413100BF539D /* LC724.swift in Sources */ = {isa = PBXBuildFile; fileRef = 1A2F8B11292C413100BF539D /* LC724.swift */; };
		1A2F8B14292CFA0100BF539D /* LC205.swift in Sources */ = {isa = PBXBuildFile; fileRef = 1A2F8B13292CFA0100BF539D /* LC205.swift */; };
		1A2F8B16292E517800BF539D /* LC392.swift in Sources */ = {isa = PBXBuildFile; fileRef = 1A2F8B15292E517800BF539D /* LC392.swift */; };
/* End PBXBuildFile section */

/* Begin PBXContainerItemProxy section */
		1A2F8AF5292C3ADB00BF539D /* PBXContainerItemProxy */ = {
			isa = PBXContainerItemProxy;
			containerPortal = 1A2F8AE2292C3ADB00BF539D /* Project object */;
			proxyType = 1;
			remoteGlobalIDString = 1A2F8AEA292C3ADB00BF539D;
			remoteInfo = LeetCodeProblems;
		};
/* End PBXContainerItemProxy section */

/* Begin PBXFileReference section */
		1A2F8AEB292C3ADB00BF539D /* LeetCodeProblems.framework */ = {isa = PBXFileReference; explicitFileType = wrapper.framework; includeInIndex = 0; path = LeetCodeProblems.framework; sourceTree = BUILT_PRODUCTS_DIR; };
		1A2F8AF3292C3ADB00BF539D /* LeetCodeProblemsTests.xctest */ = {isa = PBXFileReference; explicitFileType = wrapper.cfbundle; includeInIndex = 0; path = LeetCodeProblemsTests.xctest; sourceTree = BUILT_PRODUCTS_DIR; };
		1A2F8AF8292C3ADB00BF539D /* LC1480Tests.swift */ = {isa = PBXFileReference; lastKnownFileType = sourcecode.swift; path = LC1480Tests.swift; sourceTree = "<group>"; };
		1A2F8B07292C3D2000BF539D /* LC724Tests.swift */ = {isa = PBXFileReference; lastKnownFileType = sourcecode.swift; path = LC724Tests.swift; sourceTree = "<group>"; };
		1A2F8B0B292C3D6200BF539D /* LC205Tests.swift */ = {isa = PBXFileReference; lastKnownFileType = sourcecode.swift; path = LC205Tests.swift; sourceTree = "<group>"; };
		1A2F8B0D292C3DAD00BF539D /* LC392Tests.swift */ = {isa = PBXFileReference; lastKnownFileType = sourcecode.swift; path = LC392Tests.swift; sourceTree = "<group>"; };
		1A2F8B0F292C3E2700BF539D /* LC1480.swift */ = {isa = PBXFileReference; lastKnownFileType = sourcecode.swift; path = LC1480.swift; sourceTree = "<group>"; };
		1A2F8B11292C413100BF539D /* LC724.swift */ = {isa = PBXFileReference; lastKnownFileType = sourcecode.swift; path = LC724.swift; sourceTree = "<group>"; };
		1A2F8B13292CFA0100BF539D /* LC205.swift */ = {isa = PBXFileReference; lastKnownFileType = sourcecode.swift; path = LC205.swift; sourceTree = "<group>"; };
		1A2F8B15292E517800BF539D /* LC392.swift */ = {isa = PBXFileReference; lastKnownFileType = sourcecode.swift; path = LC392.swift; sourceTree = "<group>"; };
/* End PBXFileReference section */

/* Begin PBXFrameworksBuildPhase section */
		1A2F8AE8292C3ADB00BF539D /* Frameworks */ = {
			isa = PBXFrameworksBuildPhase;
			buildActionMask = 2147483647;
			files = (
			);
			runOnlyForDeploymentPostprocessing = 0;
		};
		1A2F8AF0292C3ADB00BF539D /* Frameworks */ = {
			isa = PBXFrameworksBuildPhase;
			buildActionMask = 2147483647;
			files = (
				1A2F8AF4292C3ADB00BF539D /* LeetCodeProblems.framework in Frameworks */,
			);
			runOnlyForDeploymentPostprocessing = 0;
		};
/* End PBXFrameworksBuildPhase section */

/* Begin PBXGroup section */
		1A2F8AE1292C3ADB00BF539D = {
			isa = PBXGroup;
			children = (
				1A2F8AED292C3ADB00BF539D /* LeetCodeProblems */,
				1A2F8AF7292C3ADB00BF539D /* LeetCodeProblemsTests */,
				1A2F8AEC292C3ADB00BF539D /* Products */,
			);
			sourceTree = "<group>";
		};
		1A2F8AEC292C3ADB00BF539D /* Products */ = {
			isa = PBXGroup;
			children = (
				1A2F8AEB292C3ADB00BF539D /* LeetCodeProblems.framework */,
				1A2F8AF3292C3ADB00BF539D /* LeetCodeProblemsTests.xctest */,
			);
			name = Products;
			sourceTree = "<group>";
		};
		1A2F8AED292C3ADB00BF539D /* LeetCodeProblems */ = {
			isa = PBXGroup;
			children = (
				1A2F8B03292C3C4D00BF539D /* LeetCode 75 */,
			);
			path = LeetCodeProblems;
			sourceTree = "<group>";
		};
		1A2F8AF7292C3ADB00BF539D /* LeetCodeProblemsTests */ = {
			isa = PBXGroup;
			children = (
				1A2F8B06292C3C8C00BF539D /* LeetCode 75 */,
			);
			path = LeetCodeProblemsTests;
			sourceTree = "<group>";
		};
		1A2F8B03292C3C4D00BF539D /* LeetCode 75 */ = {
			isa = PBXGroup;
			children = (
				1A2F8B04292C3C6100BF539D /* Day 1 */,
				1A2F8B05292C3C6C00BF539D /* Day 2 */,
			);
			path = "LeetCode 75";
			sourceTree = "<group>";
		};
		1A2F8B04292C3C6100BF539D /* Day 1 */ = {
			isa = PBXGroup;
			children = (
				1A2F8B0F292C3E2700BF539D /* LC1480.swift */,
				1A2F8B11292C413100BF539D /* LC724.swift */,
			);
			path = "Day 1";
			sourceTree = "<group>";
		};
		1A2F8B05292C3C6C00BF539D /* Day 2 */ = {
			isa = PBXGroup;
			children = (
				1A2F8B13292CFA0100BF539D /* LC205.swift */,
				1A2F8B15292E517800BF539D /* LC392.swift */,
			);
			path = "Day 2";
			sourceTree = "<group>";
		};
		1A2F8B06292C3C8C00BF539D /* LeetCode 75 */ = {
			isa = PBXGroup;
			children = (
				1A2F8B09292C3D3600BF539D /* Day 1 */,
				1A2F8B0A292C3D4900BF539D /* Day 2 */,
			);
			path = "LeetCode 75";
			sourceTree = "<group>";
		};
		1A2F8B09292C3D3600BF539D /* Day 1 */ = {
			isa = PBXGroup;
			children = (
				1A2F8AF8292C3ADB00BF539D /* LC1480Tests.swift */,
				1A2F8B07292C3D2000BF539D /* LC724Tests.swift */,
			);
			path = "Day 1";
			sourceTree = "<group>";
		};
		1A2F8B0A292C3D4900BF539D /* Day 2 */ = {
			isa = PBXGroup;
			children = (
				1A2F8B0B292C3D6200BF539D /* LC205Tests.swift */,
				1A2F8B0D292C3DAD00BF539D /* LC392Tests.swift */,
			);
			path = "Day 2";
			sourceTree = "<group>";
		};
/* End PBXGroup section */

/* Begin PBXHeadersBuildPhase section */
		1A2F8AE6292C3ADB00BF539D /* Headers */ = {
			isa = PBXHeadersBuildPhase;
			buildActionMask = 2147483647;
			files = (
			);
			runOnlyForDeploymentPostprocessing = 0;
		};
/* End PBXHeadersBuildPhase section */

/* Begin PBXNativeTarget section */
		1A2F8AEA292C3ADB00BF539D /* LeetCodeProblems */ = {
			isa = PBXNativeTarget;
			buildConfigurationList = 1A2F8AFD292C3ADB00BF539D /* Build configuration list for PBXNativeTarget "LeetCodeProblems" */;
			buildPhases = (
				1A2F8AE6292C3ADB00BF539D /* Headers */,
				1A2F8AE7292C3ADB00BF539D /* Sources */,
				1A2F8AE8292C3ADB00BF539D /* Frameworks */,
				1A2F8AE9292C3ADB00BF539D /* Resources */,
			);
			buildRules = (
			);
			dependencies = (
			);
			name = LeetCodeProblems;
			productName = LeetCodeProblems;
			productReference = 1A2F8AEB292C3ADB00BF539D /* LeetCodeProblems.framework */;
			productType = "com.apple.product-type.framework";
		};
		1A2F8AF2292C3ADB00BF539D /* LeetCodeProblemsTests */ = {
			isa = PBXNativeTarget;
			buildConfigurationList = 1A2F8B00292C3ADB00BF539D /* Build configuration list for PBXNativeTarget "LeetCodeProblemsTests" */;
			buildPhases = (
				1A2F8AEF292C3ADB00BF539D /* Sources */,
				1A2F8AF0292C3ADB00BF539D /* Frameworks */,
				1A2F8AF1292C3ADB00BF539D /* Resources */,
			);
			buildRules = (
			);
			dependencies = (
				1A2F8AF6292C3ADB00BF539D /* PBXTargetDependency */,
			);
			name = LeetCodeProblemsTests;
			productName = LeetCodeProblemsTests;
			productReference = 1A2F8AF3292C3ADB00BF539D /* LeetCodeProblemsTests.xctest */;
			productType = "com.apple.product-type.bundle.unit-test";
		};
/* End PBXNativeTarget section */

/* Begin PBXProject section */
		1A2F8AE2292C3ADB00BF539D /* Project object */ = {
			isa = PBXProject;
			attributes = {
				BuildIndependentTargetsInParallel = 1;
				LastSwiftUpdateCheck = 1340;
				LastUpgradeCheck = 1340;
				TargetAttributes = {
					1A2F8AEA292C3ADB00BF539D = {
						CreatedOnToolsVersion = 13.4;
						LastSwiftMigration = 1340;
					};
					1A2F8AF2292C3ADB00BF539D = {
						CreatedOnToolsVersion = 13.4;
					};
				};
			};
			buildConfigurationList = 1A2F8AE5292C3ADB00BF539D /* Build configuration list for PBXProject "LeetCodeProblems" */;
			compatibilityVersion = "Xcode 13.0";
			developmentRegion = en;
			hasScannedForEncodings = 0;
			knownRegions = (
				en,
				Base,
			);
			mainGroup = 1A2F8AE1292C3ADB00BF539D;
			productRefGroup = 1A2F8AEC292C3ADB00BF539D /* Products */;
			projectDirPath = "";
			projectRoot = "";
			targets = (
				1A2F8AEA292C3ADB00BF539D /* LeetCodeProblems */,
				1A2F8AF2292C3ADB00BF539D /* LeetCodeProblemsTests */,
			);
		};
/* End PBXProject section */

/* Begin PBXResourcesBuildPhase section */
		1A2F8AE9292C3ADB00BF539D /* Resources */ = {
			isa = PBXResourcesBuildPhase;
			buildActionMask = 2147483647;
			files = (
			);
			runOnlyForDeploymentPostprocessing = 0;
		};
		1A2F8AF1292C3ADB00BF539D /* Resources */ = {
			isa = PBXResourcesBuildPhase;
			buildActionMask = 2147483647;
			files = (
			);
			runOnlyForDeploymentPostprocessing = 0;
		};
/* End PBXResourcesBuildPhase section */

/* Begin PBXSourcesBuildPhase section */
		1A2F8AE7292C3ADB00BF539D /* Sources */ = {
			isa = PBXSourcesBuildPhase;
			buildActionMask = 2147483647;
			files = (
				1A2F8B12292C413100BF539D /* LC724.swift in Sources */,
				1A2F8B14292CFA0100BF539D /* LC205.swift in Sources */,
				1A2F8B10292C3E2700BF539D /* LC1480.swift in Sources */,
				1A2F8B16292E517800BF539D /* LC392.swift in Sources */,
			);
			runOnlyForDeploymentPostprocessing = 0;
		};
		1A2F8AEF292C3ADB00BF539D /* Sources */ = {
			isa = PBXSourcesBuildPhase;
			buildActionMask = 2147483647;
			files = (
				1A2F8B0C292C3D6200BF539D /* LC205Tests.swift in Sources */,
				1A2F8B08292C3D2000BF539D /* LC724Tests.swift in Sources */,
				1A2F8AF9292C3ADB00BF539D /* LC1480Tests.swift in Sources */,
				1A2F8B0E292C3DAD00BF539D /* LC392Tests.swift in Sources */,
			);
			runOnlyForDeploymentPostprocessing = 0;
		};
/* End PBXSourcesBuildPhase section */

/* Begin PBXTargetDependency section */
		1A2F8AF6292C3ADB00BF539D /* PBXTargetDependency */ = {
			isa = PBXTargetDependency;
			target = 1A2F8AEA292C3ADB00BF539D /* LeetCodeProblems */;
			targetProxy = 1A2F8AF5292C3ADB00BF539D /* PBXContainerItemProxy */;
		};
/* End PBXTargetDependency section */

/* Begin XCBuildConfiguration section */
		1A2F8AFB292C3ADB00BF539D /* Debug */ = {
			isa = XCBuildConfiguration;
			buildSettings = {
				ALWAYS_SEARCH_USER_PATHS = NO;
				CLANG_ANALYZER_NONNULL = YES;
				CLANG_ANALYZER_NUMBER_OBJECT_CONVERSION = YES_AGGRESSIVE;
				CLANG_CXX_LANGUAGE_STANDARD = "gnu++17";
				CLANG_ENABLE_MODULES = YES;
				CLANG_ENABLE_OBJC_ARC = YES;
				CLANG_ENABLE_OBJC_WEAK = YES;
				CLANG_WARN_BLOCK_CAPTURE_AUTORELEASING = YES;
				CLANG_WARN_BOOL_CONVERSION = YES;
				CLANG_WARN_COMMA = YES;
				CLANG_WARN_CONSTANT_CONVERSION = YES;
				CLANG_WARN_DEPRECATED_OBJC_IMPLEMENTATIONS = YES;
				CLANG_WARN_DIRECT_OBJC_ISA_USAGE = YES_ERROR;
				CLANG_WARN_DOCUMENTATION_COMMENTS = YES;
				CLANG_WARN_EMPTY_BODY = YES;
				CLANG_WARN_ENUM_CONVERSION = YES;
				CLANG_WARN_INFINITE_RECURSION = YES;
				CLANG_WARN_INT_CONVERSION = YES;
				CLANG_WARN_NON_LITERAL_NULL_CONVERSION = YES;
				CLANG_WARN_OBJC_IMPLICIT_RETAIN_SELF = YES;
				CLANG_WARN_OBJC_LITERAL_CONVERSION = YES;
				CLANG_WARN_OBJC_ROOT_CLASS = YES_ERROR;
				CLANG_WARN_QUOTED_INCLUDE_IN_FRAMEWORK_HEADER = YES;
				CLANG_WARN_RANGE_LOOP_ANALYSIS = YES;
				CLANG_WARN_STRICT_PROTOTYPES = YES;
				CLANG_WARN_SUSPICIOUS_MOVE = YES;
				CLANG_WARN_UNGUARDED_AVAILABILITY = YES_AGGRESSIVE;
				CLANG_WARN_UNREACHABLE_CODE = YES;
				CLANG_WARN__DUPLICATE_METHOD_MATCH = YES;
				COPY_PHASE_STRIP = NO;
				CURRENT_PROJECT_VERSION = 1;
				DEBUG_INFORMATION_FORMAT = dwarf;
				ENABLE_STRICT_OBJC_MSGSEND = YES;
				ENABLE_TESTABILITY = YES;
				GCC_C_LANGUAGE_STANDARD = gnu11;
				GCC_DYNAMIC_NO_PIC = NO;
				GCC_NO_COMMON_BLOCKS = YES;
				GCC_OPTIMIZATION_LEVEL = 0;
				GCC_PREPROCESSOR_DEFINITIONS = (
					"DEBUG=1",
					"$(inherited)",
				);
				GCC_WARN_64_TO_32_BIT_CONVERSION = YES;
				GCC_WARN_ABOUT_RETURN_TYPE = YES_ERROR;
				GCC_WARN_UNDECLARED_SELECTOR = YES;
				GCC_WARN_UNINITIALIZED_AUTOS = YES_AGGRESSIVE;
				GCC_WARN_UNUSED_FUNCTION = YES;
				GCC_WARN_UNUSED_VARIABLE = YES;
				MACOSX_DEPLOYMENT_TARGET = 12.3;
				MTL_ENABLE_DEBUG_INFO = INCLUDE_SOURCE;
				MTL_FAST_MATH = YES;
				ONLY_ACTIVE_ARCH = YES;
				SDKROOT = macosx;
				SWIFT_ACTIVE_COMPILATION_CONDITIONS = DEBUG;
				SWIFT_OPTIMIZATION_LEVEL = "-Onone";
				VERSIONING_SYSTEM = "apple-generic";
				VERSION_INFO_PREFIX = "";
			};
			name = Debug;
		};
		1A2F8AFC292C3ADB00BF539D /* Release */ = {
			isa = XCBuildConfiguration;
			buildSettings = {
				ALWAYS_SEARCH_USER_PATHS = NO;
				CLANG_ANALYZER_NONNULL = YES;
				CLANG_ANALYZER_NUMBER_OBJECT_CONVERSION = YES_AGGRESSIVE;
				CLANG_CXX_LANGUAGE_STANDARD = "gnu++17";
				CLANG_ENABLE_MODULES = YES;
				CLANG_ENABLE_OBJC_ARC = YES;
				CLANG_ENABLE_OBJC_WEAK = YES;
				CLANG_WARN_BLOCK_CAPTURE_AUTORELEASING = YES;
				CLANG_WARN_BOOL_CONVERSION = YES;
				CLANG_WARN_COMMA = YES;
				CLANG_WARN_CONSTANT_CONVERSION = YES;
				CLANG_WARN_DEPRECATED_OBJC_IMPLEMENTATIONS = YES;
				CLANG_WARN_DIRECT_OBJC_ISA_USAGE = YES_ERROR;
				CLANG_WARN_DOCUMENTATION_COMMENTS = YES;
				CLANG_WARN_EMPTY_BODY = YES;
				CLANG_WARN_ENUM_CONVERSION = YES;
				CLANG_WARN_INFINITE_RECURSION = YES;
				CLANG_WARN_INT_CONVERSION = YES;
				CLANG_WARN_NON_LITERAL_NULL_CONVERSION = YES;
				CLANG_WARN_OBJC_IMPLICIT_RETAIN_SELF = YES;
				CLANG_WARN_OBJC_LITERAL_CONVERSION = YES;
				CLANG_WARN_OBJC_ROOT_CLASS = YES_ERROR;
				CLANG_WARN_QUOTED_INCLUDE_IN_FRAMEWORK_HEADER = YES;
				CLANG_WARN_RANGE_LOOP_ANALYSIS = YES;
				CLANG_WARN_STRICT_PROTOTYPES = YES;
				CLANG_WARN_SUSPICIOUS_MOVE = YES;
				CLANG_WARN_UNGUARDED_AVAILABILITY = YES_AGGRESSIVE;
				CLANG_WARN_UNREACHABLE_CODE = YES;
				CLANG_WARN__DUPLICATE_METHOD_MATCH = YES;
				COPY_PHASE_STRIP = NO;
				CURRENT_PROJECT_VERSION = 1;
				DEBUG_INFORMATION_FORMAT = "dwarf-with-dsym";
				ENABLE_NS_ASSERTIONS = NO;
				ENABLE_STRICT_OBJC_MSGSEND = YES;
				GCC_C_LANGUAGE_STANDARD = gnu11;
				GCC_NO_COMMON_BLOCKS = YES;
				GCC_WARN_64_TO_32_BIT_CONVERSION = YES;
				GCC_WARN_ABOUT_RETURN_TYPE = YES_ERROR;
				GCC_WARN_UNDECLARED_SELECTOR = YES;
				GCC_WARN_UNINITIALIZED_AUTOS = YES_AGGRESSIVE;
				GCC_WARN_UNUSED_FUNCTION = YES;
				GCC_WARN_UNUSED_VARIABLE = YES;
				MACOSX_DEPLOYMENT_TARGET = 12.3;
				MTL_ENABLE_DEBUG_INFO = NO;
				MTL_FAST_MATH = YES;
				SDKROOT = macosx;
				SWIFT_COMPILATION_MODE = wholemodule;
				SWIFT_OPTIMIZATION_LEVEL = "-O";
				VERSIONING_SYSTEM = "apple-generic";
				VERSION_INFO_PREFIX = "";
			};
			name = Release;
		};
		1A2F8AFE292C3ADB00BF539D /* Debug */ = {
			isa = XCBuildConfiguration;
			buildSettings = {
				CLANG_ENABLE_MODULES = YES;
				CODE_SIGN_STYLE = Automatic;
				COMBINE_HIDPI_IMAGES = YES;
				CURRENT_PROJECT_VERSION = 1;
				DEFINES_MODULE = YES;
				DEVELOPMENT_TEAM = J85VPLXM2C;
				DYLIB_COMPATIBILITY_VERSION = 1;
				DYLIB_CURRENT_VERSION = 1;
				DYLIB_INSTALL_NAME_BASE = "@rpath";
				GENERATE_INFOPLIST_FILE = YES;
				INFOPLIST_KEY_NSHumanReadableCopyright = "";
				INSTALL_PATH = "$(LOCAL_LIBRARY_DIR)/Frameworks";
				LD_RUNPATH_SEARCH_PATHS = (
					"$(inherited)",
					"@executable_path/../Frameworks",
					"@loader_path/Frameworks",
				);
				MARKETING_VERSION = 1.0;
				PRODUCT_BUNDLE_IDENTIFIER = com.gmail.agrav065.LeetCodeProblems;
				PRODUCT_NAME = "$(TARGET_NAME:c99extidentifier)";
				SKIP_INSTALL = YES;
				SWIFT_EMIT_LOC_STRINGS = YES;
				SWIFT_OPTIMIZATION_LEVEL = "-Onone";
				SWIFT_VERSION = 5.0;
			};
			name = Debug;
		};
		1A2F8AFF292C3ADB00BF539D /* Release */ = {
			isa = XCBuildConfiguration;
			buildSettings = {
				CLANG_ENABLE_MODULES = YES;
				CODE_SIGN_STYLE = Automatic;
				COMBINE_HIDPI_IMAGES = YES;
				CURRENT_PROJECT_VERSION = 1;
				DEFINES_MODULE = YES;
				DEVELOPMENT_TEAM = J85VPLXM2C;
				DYLIB_COMPATIBILITY_VERSION = 1;
				DYLIB_CURRENT_VERSION = 1;
				DYLIB_INSTALL_NAME_BASE = "@rpath";
				GENERATE_INFOPLIST_FILE = YES;
				INFOPLIST_KEY_NSHumanReadableCopyright = "";
				INSTALL_PATH = "$(LOCAL_LIBRARY_DIR)/Frameworks";
				LD_RUNPATH_SEARCH_PATHS = (
					"$(inherited)",
					"@executable_path/../Frameworks",
					"@loader_path/Frameworks",
				);
				MARKETING_VERSION = 1.0;
				PRODUCT_BUNDLE_IDENTIFIER = com.gmail.agrav065.LeetCodeProblems;
				PRODUCT_NAME = "$(TARGET_NAME:c99extidentifier)";
				SKIP_INSTALL = YES;
				SWIFT_EMIT_LOC_STRINGS = YES;
				SWIFT_VERSION = 5.0;
			};
			name = Release;
		};
		1A2F8B01292C3ADB00BF539D /* Debug */ = {
			isa = XCBuildConfiguration;
			buildSettings = {
				ALWAYS_EMBED_SWIFT_STANDARD_LIBRARIES = YES;
				CODE_SIGN_STYLE = Automatic;
				CURRENT_PROJECT_VERSION = 1;
				DEVELOPMENT_TEAM = J85VPLXM2C;
				GENERATE_INFOPLIST_FILE = YES;
				MARKETING_VERSION = 1.0;
				PRODUCT_BUNDLE_IDENTIFIER = com.gmail.agrav065.LeetCodeProblemsTests;
				PRODUCT_NAME = "$(TARGET_NAME)";
				SWIFT_EMIT_LOC_STRINGS = NO;
				SWIFT_VERSION = 5.0;
			};
			name = Debug;
		};
		1A2F8B02292C3ADB00BF539D /* Release */ = {
			isa = XCBuildConfiguration;
			buildSettings = {
				ALWAYS_EMBED_SWIFT_STANDARD_LIBRARIES = YES;
				CODE_SIGN_STYLE = Automatic;
				CURRENT_PROJECT_VERSION = 1;
				DEVELOPMENT_TEAM = J85VPLXM2C;
				GENERATE_INFOPLIST_FILE = YES;
				MARKETING_VERSION = 1.0;
				PRODUCT_BUNDLE_IDENTIFIER = com.gmail.agrav065.LeetCodeProblemsTests;
				PRODUCT_NAME = "$(TARGET_NAME)";
				SWIFT_EMIT_LOC_STRINGS = NO;
				SWIFT_VERSION = 5.0;
			};
			name = Release;
		};
/* End XCBuildConfiguration section */

/* Begin XCConfigurationList section */
		1A2F8AE5292C3ADB00BF539D /* Build configuration list for PBXProject "LeetCodeProblems" */ = {
			isa = XCConfigurationList;
			buildConfigurations = (
				1A2F8AFB292C3ADB00BF539D /* Debug */,
				1A2F8AFC292C3ADB00BF539D /* Release */,
			);
			defaultConfigurationIsVisible = 0;
			defaultConfigurationName = Release;
		};
		1A2F8AFD292C3ADB00BF539D /* Build configuration list for PBXNativeTarget "LeetCodeProblems" */ = {
			isa = XCConfigurationList;
			buildConfigurations = (
				1A2F8AFE292C3ADB00BF539D /* Debug */,
				1A2F8AFF292C3ADB00BF539D /* Release */,
			);
			defaultConfigurationIsVisible = 0;
			defaultConfigurationName = Release;
		};
		1A2F8B00292C3ADB00BF539D /* Build configuration list for PBXNativeTarget "LeetCodeProblemsTests" */ = {
			isa = XCConfigurationList;
			buildConfigurations = (
				1A2F8B01292C3ADB00BF539D /* Debug */,
				1A2F8B02292C3ADB00BF539D /* Release */,
			);
			defaultConfigurationIsVisible = 0;
			defaultConfigurationName = Release;
		};
/* End XCConfigurationList section */
	};
	rootObject = 1A2F8AE2292C3ADB00BF539D /* Project object */;
}
